[root]
name = "napi-sys"
version = "0.1.0"

[[package]]
name = "napi"
version = "0.1.0"
dependencies = [
 "napi-sys 0.1.0",
]

[[package]]
name = "napi-codegen"
version = "0.1.0"
dependencies = [
 "napi 0.1.0",
]

[[package]]
name = "napi-example"
version = "0.1.0"
dependencies = [
 "napi 0.1.0",
 "napi-codegen 0.1.0",
]

